
Microsoft Visual Studio Solution File, Format Version 12.00
# Visual Studio Version 17
VisualStudioVersion = 17.10.34928.147
MinimumVisualStudioVersion = 10.0.40219.1
Project("{FAE04EC0-301F-11D3-BF4B-00C04F79EFBC}") = "devappsampleweb", "devappsampleweb\devappsampleweb.csproj", "{54C9518A-57A8-4EB9-B7C6-94D66F006FD4}"
EndProject
Global
	GlobalSection(SolutionConfigurationPlatforms) = preSolution
		Debug|Any CPU = Debug|Any CPU
		Release|Any CPU = Release|Any CPU
	EndGlobalSection
	GlobalSection(ProjectConfigurationPlatforms) = postSolution
		{54C9518A-57A8-4EB9-B7C6-94D66F006FD4}.Debug|Any CPU.ActiveCfg = Debug|Any CPU
		{54C9518A-57A8-4EB9-B7C6-94D66F006FD4}.Debug|Any CPU.Build.0 = Debug|Any CPU
		{54C9518A-57A8-4EB9-B7C6-94D66F006FD4}.Release|Any CPU.ActiveCfg = Release|Any CPU
		{54C9518A-57A8-4EB9-B7C6-94D66F006FD4}.Release|Any CPU.Build.0 = Release|Any CPU
	EndGlobalSection
	GlobalSection(SolutionProperties) = preSolution
		HideSolutionNode = FALSE
	EndGlobalSection
	GlobalSection(ExtensibilityGlobals) = postSolution
		SolutionGuid = {F4C67BF4-69B5-4AE4-AB07-3943B715E0E7}
	EndGlobalSection
EndGlobal
